
Microsoft Visual Studio Solution File, Format Version 12.00
# Visual Studio Version 17
VisualStudioVersion = 17.7.34202.233
MinimumVisualStudioVersion = 10.0.40219.1
Project("{FAE04EC0-301F-11D3-BF4B-00C04F79EFBC}") = "GUI", "LoyalCustomersManagament\GUI.csproj", "{1D5E0898-145B-4D5E-AAF8-D613787CAD0F}"
EndProject
Project("{FAE04EC0-301F-11D3-BF4B-00C04F79EFBC}") = "DAL", "DAL\DAL.csproj", "{7E077109-1F9D-4AED-A74A-E279A1B89900}"
EndProject
Project("{FAE04EC0-301F-11D3-BF4B-00C04F79EFBC}") = "BLL", "BLL\BLL.csproj", "{483C1A52-F6FB-4CB7-A94F-BE7EC2CA8A1D}"
EndProject
Project("{FAE04EC0-301F-11D3-BF4B-00C04F79EFBC}") = "DTO", "DTO\DTO.csproj", "{BC1BFC1B-BB87-490C-AABC-5537A1C79823}"
EndProject
Global
	GlobalSection(SolutionConfigurationPlatforms) = preSolution
		Debug|Any CPU = Debug|Any CPU
		Release|Any CPU = Release|Any CPU
	EndGlobalSection
	GlobalSection(ProjectConfigurationPlatforms) = postSolution
		{1D5E0898-145B-4D5E-AAF8-D613787CAD0F}.Debug|Any CPU.ActiveCfg = Debug|Any CPU
		{1D5E0898-145B-4D5E-AAF8-D613787CAD0F}.Debug|Any CPU.Build.0 = Debug|Any CPU
		{1D5E0898-145B-4D5E-AAF8-D613787CAD0F}.Release|Any CPU.ActiveCfg = Release|Any CPU
		{1D5E0898-145B-4D5E-AAF8-D613787CAD0F}.Release|Any CPU.Build.0 = Release|Any CPU
		{7E077109-1F9D-4AED-A74A-E279A1B89900}.Debug|Any CPU.ActiveCfg = Debug|Any CPU
		{7E077109-1F9D-4AED-A74A-E279A1B89900}.Debug|Any CPU.Build.0 = Debug|Any CPU
		{7E077109-1F9D-4AED-A74A-E279A1B89900}.Release|Any CPU.ActiveCfg = Release|Any CPU
		{7E077109-1F9D-4AED-A74A-E279A1B89900}.Release|Any CPU.Build.0 = Release|Any CPU
		{483C1A52-F6FB-4CB7-A94F-BE7EC2CA8A1D}.Debug|Any CPU.ActiveCfg = Debug|Any CPU
		{483C1A52-F6FB-4CB7-A94F-BE7EC2CA8A1D}.Debug|Any CPU.Build.0 = Debug|Any CPU
		{483C1A52-F6FB-4CB7-A94F-BE7EC2CA8A1D}.Release|Any CPU.ActiveCfg = Release|Any CPU
		{483C1A52-F6FB-4CB7-A94F-BE7EC2CA8A1D}.Release|Any CPU.Build.0 = Release|Any CPU
		{BC1BFC1B-BB87-490C-AABC-5537A1C79823}.Debug|Any CPU.ActiveCfg = Debug|Any CPU
		{BC1BFC1B-BB87-490C-AABC-5537A1C79823}.Debug|Any CPU.Build.0 = Debug|Any CPU
		{BC1BFC1B-BB87-490C-AABC-5537A1C79823}.Release|Any CPU.ActiveCfg = Release|Any CPU
		{BC1BFC1B-BB87-490C-AABC-5537A1C79823}.Release|Any CPU.Build.0 = Release|Any CPU
	EndGlobalSection
	GlobalSection(SolutionProperties) = preSolution
		HideSolutionNode = FALSE
	EndGlobalSection
	GlobalSection(ExtensibilityGlobals) = postSolution
		SolutionGuid = {9BB1843A-B7BC-4F7D-B5A0-11EB7C97B391}
	EndGlobalSection
EndGlobal
