
Microsoft Visual Studio Solution File, Format Version 12.00
# Visual Studio Version 17
VisualStudioVersion = 17.7.34202.233
MinimumVisualStudioVersion = 10.0.40219.1
Project("{FAE04EC0-301F-11D3-BF4B-00C04F79EFBC}") = "DAL", "DAL\DAL.csproj", "{0F596586-FCD4-44A5-A67C-3C1A9425273B}"
EndProject
Project("{FAE04EC0-301F-11D3-BF4B-00C04F79EFBC}") = "BLL", "BLL\BLL.csproj", "{47089425-14F8-4734-A53B-DE1BB4B7ECC9}"
EndProject
Project("{FAE04EC0-301F-11D3-BF4B-00C04F79EFBC}") = "DTO", "DTO\DTO.csproj", "{B6746A8D-EBB6-42A3-A66D-3ED2C56D42F5}"
EndProject
Project("{FAE04EC0-301F-11D3-BF4B-00C04F79EFBC}") = "GUI", "GUI\GUI.csproj", "{54AB17AA-5AB7-417B-98A4-77B2711DD37F}"
EndProject
Global
	GlobalSection(SolutionConfigurationPlatforms) = preSolution
		Debug|Any CPU = Debug|Any CPU
		Release|Any CPU = Release|Any CPU
	EndGlobalSection
	GlobalSection(ProjectConfigurationPlatforms) = postSolution
		{0F596586-FCD4-44A5-A67C-3C1A9425273B}.Debug|Any CPU.ActiveCfg = Debug|Any CPU
		{0F596586-FCD4-44A5-A67C-3C1A9425273B}.Debug|Any CPU.Build.0 = Debug|Any CPU
		{0F596586-FCD4-44A5-A67C-3C1A9425273B}.Release|Any CPU.ActiveCfg = Release|Any CPU
		{0F596586-FCD4-44A5-A67C-3C1A9425273B}.Release|Any CPU.Build.0 = Release|Any CPU
		{47089425-14F8-4734-A53B-DE1BB4B7ECC9}.Debug|Any CPU.ActiveCfg = Debug|Any CPU
		{47089425-14F8-4734-A53B-DE1BB4B7ECC9}.Debug|Any CPU.Build.0 = Debug|Any CPU
		{47089425-14F8-4734-A53B-DE1BB4B7ECC9}.Release|Any CPU.ActiveCfg = Release|Any CPU
		{47089425-14F8-4734-A53B-DE1BB4B7ECC9}.Release|Any CPU.Build.0 = Release|Any CPU
		{B6746A8D-EBB6-42A3-A66D-3ED2C56D42F5}.Debug|Any CPU.ActiveCfg = Debug|Any CPU
		{B6746A8D-EBB6-42A3-A66D-3ED2C56D42F5}.Debug|Any CPU.Build.0 = Debug|Any CPU
		{B6746A8D-EBB6-42A3-A66D-3ED2C56D42F5}.Release|Any CPU.ActiveCfg = Release|Any CPU
		{B6746A8D-EBB6-42A3-A66D-3ED2C56D42F5}.Release|Any CPU.Build.0 = Release|Any CPU
		{54AB17AA-5AB7-417B-98A4-77B2711DD37F}.Debug|Any CPU.ActiveCfg = Debug|Any CPU
		{54AB17AA-5AB7-417B-98A4-77B2711DD37F}.Debug|Any CPU.Build.0 = Debug|Any CPU
		{54AB17AA-5AB7-417B-98A4-77B2711DD37F}.Release|Any CPU.ActiveCfg = Release|Any CPU
		{54AB17AA-5AB7-417B-98A4-77B2711DD37F}.Release|Any CPU.Build.0 = Release|Any CPU
	EndGlobalSection
	GlobalSection(SolutionProperties) = preSolution
		HideSolutionNode = FALSE
	EndGlobalSection
	GlobalSection(ExtensibilityGlobals) = postSolution
		SolutionGuid = {9BB1843A-B7BC-4F7D-B5A0-11EB7C97B391}
	EndGlobalSection
EndGlobal
